Microsoft Visual Studio Solution File, Format Version 12.00
# Visual Studio 2012
Project("{FAE04EC0-301F-11D3-BF4B-00C04F79EFBC}") = "SquigglesCommon4X", "SquigglesCommon4X.csproj", "{96A6D81D-C385-45E9-B581-3557DA2C214D}"
EndProject
Global
	GlobalSection(SolutionConfigurationPlatforms) = preSolution
	Debug|Any CPU = Debug|Any CPU
	ExportDebug|Any CPU = ExportDebug|Any CPU
	ExportRelease|Any CPU = ExportRelease|Any CPU
	EndGlobalSection
	GlobalSection(ProjectConfigurationPlatforms) = postSolution
		{96A6D81D-C385-45E9-B581-3557DA2C214D}.Debug|Any CPU.ActiveCfg = Debug|Any CPU
		{96A6D81D-C385-45E9-B581-3557DA2C214D}.Debug|Any CPU.Build.0 = Debug|Any CPU
		{96A6D81D-C385-45E9-B581-3557DA2C214D}.ExportDebug|Any CPU.ActiveCfg = ExportDebug|Any CPU
		{96A6D81D-C385-45E9-B581-3557DA2C214D}.ExportDebug|Any CPU.Build.0 = ExportDebug|Any CPU
		{96A6D81D-C385-45E9-B581-3557DA2C214D}.ExportRelease|Any CPU.ActiveCfg = ExportRelease|Any CPU
		{96A6D81D-C385-45E9-B581-3557DA2C214D}.ExportRelease|Any CPU.Build.0 = ExportRelease|Any CPU
	EndGlobalSection
EndGlobal
